
Microsoft Visual Studio Solution File, Format Version 12.00
# Visual Studio Version 17
VisualStudioVersion = 17.0.31903.59
MinimumVisualStudioVersion = 10.0.40219.1
Project("{FAE04EC0-301F-11D3-BF4B-00C04F79EFBC}") = "AirSmileWMS.Domain", "AirSmileWMS.Domain\AirSmileWMS.Domain.csproj", "{46E6FBE2-1AEB-4E85-AD35-162B4F0EF9CE}"
EndProject
Project("{FAE04EC0-301F-11D3-BF4B-00C04F79EFBC}") = "AirSmileWMS.Infrastructure", "AirSmileWMS.Infrastructure\AirSmileWMS.Infrastructure.csproj", "{FFFF8192-D9E2-46CA-9611-BBB161DC8147}"
EndProject
Global
	GlobalSection(SolutionConfigurationPlatforms) = preSolution
		Debug|Any CPU = Debug|Any CPU
		Release|Any CPU = Release|Any CPU
	EndGlobalSection
	GlobalSection(ProjectConfigurationPlatforms) = postSolution
		{46E6FBE2-1AEB-4E85-AD35-162B4F0EF9CE}.Debug|Any CPU.ActiveCfg = Debug|Any CPU
		{46E6FBE2-1AEB-4E85-AD35-162B4F0EF9CE}.Debug|Any CPU.Build.0 = Debug|Any CPU
		{46E6FBE2-1AEB-4E85-AD35-162B4F0EF9CE}.Release|Any CPU.ActiveCfg = Release|Any CPU
		{46E6FBE2-1AEB-4E85-AD35-162B4F0EF9CE}.Release|Any CPU.Build.0 = Release|Any CPU
		{FFFF8192-D9E2-46CA-9611-BBB161DC8147}.Debug|Any CPU.ActiveCfg = Debug|Any CPU
		{FFFF8192-D9E2-46CA-9611-BBB161DC8147}.Debug|Any CPU.Build.0 = Debug|Any CPU
		{FFFF8192-D9E2-46CA-9611-BBB161DC8147}.Release|Any CPU.ActiveCfg = Release|Any CPU
		{FFFF8192-D9E2-46CA-9611-BBB161DC8147}.Release|Any CPU.Build.0 = Release|Any CPU
	EndGlobalSection
	GlobalSection(SolutionProperties) = preSolution
		HideSolutionNode = FALSE
	EndGlobalSection
	GlobalSection(ExtensibilityGlobals) = postSolution
		SolutionGuid = {DCA0BD71-2453-4685-816C-FCBDCE4304CD}
	EndGlobalSection
EndGlobal
